
Microsoft Visual Studio Solution File, Format Version 11.00
# Visual Studio 2010
Project("{FAE04EC0-301F-11D3-BF4B-00C04F79EFBC}") = "Abimn", "Abimn\Abimn\Abimn.csproj", "{310E868C-E590-4D29-AB16-746343FA00A9}"
EndProject
Project("{96E2B04D-8817-42C6-938A-82C39BA4D311}") = "AbimnContent", "Abimn\AbimnContent\AbimnContent.contentproj", "{7CD1C2DA-E908-4050-877D-E9A3BFD3B597}"
EndProject
Global
	GlobalSection(SolutionConfigurationPlatforms) = preSolution
		Debug|x86 = Debug|x86
		Release|x86 = Release|x86
	EndGlobalSection
	GlobalSection(ProjectConfigurationPlatforms) = postSolution
		{310E868C-E590-4D29-AB16-746343FA00A9}.Debug|x86.ActiveCfg = Debug|x86
		{310E868C-E590-4D29-AB16-746343FA00A9}.Debug|x86.Build.0 = Debug|x86
		{310E868C-E590-4D29-AB16-746343FA00A9}.Release|x86.ActiveCfg = Release|x86
		{310E868C-E590-4D29-AB16-746343FA00A9}.Release|x86.Build.0 = Release|x86
		{7CD1C2DA-E908-4050-877D-E9A3BFD3B597}.Debug|x86.ActiveCfg = Debug|x86
		{7CD1C2DA-E908-4050-877D-E9A3BFD3B597}.Release|x86.ActiveCfg = Release|x86
	EndGlobalSection
	GlobalSection(SolutionProperties) = preSolution
		HideSolutionNode = FALSE
	EndGlobalSection
EndGlobal
